// !$*UTF8*$!
{
	archiveVersion = 1;
	classes = {
	};
	objectVersion = 56;
	objects = {

/* Begin PBXBuildFile section */
		C05814F12BF6F29C0080D413 /* DateViewModel.swift in Sources */ = {isa = PBXBuildFile; fileRef = C05814F02BF6F29C0080D413 /* DateViewModel.swift */; };
		C0862B6E2BF460CA009308D1 /* CoupleCalanderApp.swift in Sources */ = {isa = PBXBuildFile; fileRef = C0862B6D2BF460CA009308D1 /* CoupleCalanderApp.swift */; };
		C0862B702BF460CA009308D1 /* ContentView.swift in Sources */ = {isa = PBXBuildFile; fileRef = C0862B6F2BF460CA009308D1 /* ContentView.swift */; };
		C0862B722BF460CA009308D1 /* Assets.xcassets in Resources */ = {isa = PBXBuildFile; fileRef = C0862B712BF460CA009308D1 /* Assets.xcassets */; };
		C0862B752BF460CA009308D1 /* Preview Assets.xcassets in Resources */ = {isa = PBXBuildFile; fileRef = C0862B742BF460CA009308D1 /* Preview Assets.xcassets */; };
		C0862B7E2BF46146009308D1 /* DateModel.xcdatamodeld in Sources */ = {isa = PBXBuildFile; fileRef = C0862B7C2BF46146009308D1 /* DateModel.xcdatamodeld */; };
		C0862B802BF4621F009308D1 /* DataController.swift in Sources */ = {isa = PBXBuildFile; fileRef = C0862B7F2BF4621F009308D1 /* DataController.swift */; };
		C0862B892BF478CD009308D1 /* TimeFormatting.swift in Sources */ = {isa = PBXBuildFile; fileRef = C0862B882BF478CD009308D1 /* TimeFormatting.swift */; };
		C0862B8D2BF496B9009308D1 /* Launch Screen.storyboard in Resources */ = {isa = PBXBuildFile; fileRef = C0862B8C2BF496B9009308D1 /* Launch Screen.storyboard */; };
/* End PBXBuildFile section */

/* Begin PBXFileReference section */
		C05814F02BF6F29C0080D413 /* DateViewModel.swift */ = {isa = PBXFileReference; lastKnownFileType = sourcecode.swift; path = DateViewModel.swift; sourceTree = "<group>"; };
		C0862B6A2BF460CA009308D1 /* CoupleCalander.app */ = {isa = PBXFileReference; explicitFileType = wrapper.application; includeInIndex = 0; path = CoupleCalander.app; sourceTree = BUILT_PRODUCTS_DIR; };
		C0862B6D2BF460CA009308D1 /* CoupleCalanderApp.swift */ = {isa = PBXFileReference; lastKnownFileType = sourcecode.swift; path = CoupleCalanderApp.swift; sourceTree = "<group>"; };
		C0862B6F2BF460CA009308D1 /* ContentView.swift */ = {isa = PBXFileReference; lastKnownFileType = sourcecode.swift; path = ContentView.swift; sourceTree = "<group>"; };
		C0862B712BF460CA009308D1 /* Assets.xcassets */ = {isa = PBXFileReference; lastKnownFileType = folder.assetcatalog; path = Assets.xcassets; sourceTree = "<group>"; };
		C0862B742BF460CA009308D1 /* Preview Assets.xcassets */ = {isa = PBXFileReference; lastKnownFileType = folder.assetcatalog; path = "Preview Assets.xcassets"; sourceTree = "<group>"; };
		C0862B7D2BF46146009308D1 /* DateModel.xcdatamodel */ = {isa = PBXFileReference; lastKnownFileType = wrapper.xcdatamodel; path = DateModel.xcdatamodel; sourceTree = "<group>"; };
		C0862B7F2BF4621F009308D1 /* DataController.swift */ = {isa = PBXFileReference; lastKnownFileType = sourcecode.swift; path = DataController.swift; sourceTree = "<group>"; };
		C0862B882BF478CD009308D1 /* TimeFormatting.swift */ = {isa = PBXFileReference; lastKnownFileType = sourcecode.swift; path = TimeFormatting.swift; sourceTree = "<group>"; };
		C0862B8C2BF496B9009308D1 /* Launch Screen.storyboard */ = {isa = PBXFileReference; lastKnownFileType = file.storyboard; path = "Launch Screen.storyboard"; sourceTree = "<group>"; };
/* End PBXFileReference section */

/* Begin PBXFrameworksBuildPhase section */
		C0862B672BF460CA009308D1 /* Frameworks */ = {
			isa = PBXFrameworksBuildPhase;
			buildActionMask = 2147483647;
			files = (
			);
			runOnlyForDeploymentPostprocessing = 0;
		};
/* End PBXFrameworksBuildPhase section */

/* Begin PBXGroup section */
		C05814EF2BF6F27F0080D413 /* ViewModels */ = {
			isa = PBXGroup;
			children = (
				C05814F02BF6F29C0080D413 /* DateViewModel.swift */,
			);
			path = ViewModels;
			sourceTree = "<group>";
		};
		C0862B612BF460CA009308D1 = {
			isa = PBXGroup;
			children = (
				C0862B6C2BF460CA009308D1 /* CoupleCalander */,
				C0862B6B2BF460CA009308D1 /* Products */,
			);
			sourceTree = "<group>";
		};
		C0862B6B2BF460CA009308D1 /* Products */ = {
			isa = PBXGroup;
			children = (
				C0862B6A2BF460CA009308D1 /* CoupleCalander.app */,
			);
			name = Products;
			sourceTree = "<group>";
		};
		C0862B6C2BF460CA009308D1 /* CoupleCalander */ = {
			isa = PBXGroup;
			children = (
				C05814EF2BF6F27F0080D413 /* ViewModels */,
				C0862B852BF46DA1009308D1 /* Helpers */,
				C0862B842BF46D94009308D1 /* Views */,
				C0862B7B2BF46123009308D1 /* DataModel */,
				C0862B6D2BF460CA009308D1 /* CoupleCalanderApp.swift */,
				C0862B712BF460CA009308D1 /* Assets.xcassets */,
				C0862B732BF460CA009308D1 /* Preview Content */,
				C0862B8C2BF496B9009308D1 /* Launch Screen.storyboard */,
			);
			path = CoupleCalander;
			sourceTree = "<group>";
		};
		C0862B732BF460CA009308D1 /* Preview Content */ = {
			isa = PBXGroup;
			children = (
				C0862B742BF460CA009308D1 /* Preview Assets.xcassets */,
			);
			path = "Preview Content";
			sourceTree = "<group>";
		};
		C0862B7B2BF46123009308D1 /* DataModel */ = {
			isa = PBXGroup;
			children = (
				C0862B7C2BF46146009308D1 /* DateModel.xcdatamodeld */,
				C0862B7F2BF4621F009308D1 /* DataController.swift */,
			);
			path = DataModel;
			sourceTree = "<group>";
		};
		C0862B842BF46D94009308D1 /* Views */ = {
			isa = PBXGroup;
			children = (
				C0862B6F2BF460CA009308D1 /* ContentView.swift */,
			);
			path = Views;
			sourceTree = "<group>";
		};
		C0862B852BF46DA1009308D1 /* Helpers */ = {
			isa = PBXGroup;
			children = (
				C0862B882BF478CD009308D1 /* TimeFormatting.swift */,
			);
			path = Helpers;
			sourceTree = "<group>";
		};
/* End PBXGroup section */

/* Begin PBXNativeTarget section */
		C0862B692BF460CA009308D1 /* CoupleCalander */ = {
			isa = PBXNativeTarget;
			buildConfigurationList = C0862B782BF460CA009308D1 /* Build configuration list for PBXNativeTarget "CoupleCalander" */;
			buildPhases = (
				C0862B662BF460CA009308D1 /* Sources */,
				C0862B672BF460CA009308D1 /* Frameworks */,
				C0862B682BF460CA009308D1 /* Resources */,
			);
			buildRules = (
			);
			dependencies = (
			);
			name = CoupleCalander;
			productName = CoupleCalander;
			productReference = C0862B6A2BF460CA009308D1 /* CoupleCalander.app */;
			productType = "com.apple.product-type.application";
		};
/* End PBXNativeTarget section */

/* Begin PBXProject section */
		C0862B622BF460CA009308D1 /* Project object */ = {
			isa = PBXProject;
			attributes = {
				BuildIndependentTargetsInParallel = 1;
				LastSwiftUpdateCheck = 1530;
				LastUpgradeCheck = 1530;
				TargetAttributes = {
					C0862B692BF460CA009308D1 = {
						CreatedOnToolsVersion = 15.3;
					};
				};
			};
			buildConfigurationList = C0862B652BF460CA009308D1 /* Build configuration list for PBXProject "CoupleCalander" */;
			compatibilityVersion = "Xcode 14.0";
			developmentRegion = en;
			hasScannedForEncodings = 0;
			knownRegions = (
				en,
				Base,
			);
			mainGroup = C0862B612BF460CA009308D1;
			productRefGroup = C0862B6B2BF460CA009308D1 /* Products */;
			projectDirPath = "";
			projectRoot = "";
			targets = (
				C0862B692BF460CA009308D1 /* CoupleCalander */,
			);
		};
/* End PBXProject section */

/* Begin PBXResourcesBuildPhase section */
		C0862B682BF460CA009308D1 /* Resources */ = {
			isa = PBXResourcesBuildPhase;
			buildActionMask = 2147483647;
			files = (
				C0862B8D2BF496B9009308D1 /* Launch Screen.storyboard in Resources */,
				C0862B752BF460CA009308D1 /* Preview Assets.xcassets in Resources */,
				C0862B722BF460CA009308D1 /* Assets.xcassets in Resources */,
			);
			runOnlyForDeploymentPostprocessing = 0;
		};
/* End PBXResourcesBuildPhase section */

/* Begin PBXSourcesBuildPhase section */
		C0862B662BF460CA009308D1 /* Sources */ = {
			isa = PBXSourcesBuildPhase;
			buildActionMask = 2147483647;
			files = (
				C0862B702BF460CA009308D1 /* ContentView.swift in Sources */,
				C0862B892BF478CD009308D1 /* TimeFormatting.swift in Sources */,
				C0862B802BF4621F009308D1 /* DataController.swift in Sources */,
				C05814F12BF6F29C0080D413 /* DateViewModel.swift in Sources */,
				C0862B7E2BF46146009308D1 /* DateModel.xcdatamodeld in Sources */,
				C0862B6E2BF460CA009308D1 /* CoupleCalanderApp.swift in Sources */,
			);
			runOnlyForDeploymentPostprocessing = 0;
		};
/* End PBXSourcesBuildPhase section */

/* Begin XCBuildConfiguration section */
		C0862B762BF460CA009308D1 /* Debug */ = {
			isa = XCBuildConfiguration;
			buildSettings = {
				ALWAYS_SEARCH_USER_PATHS = NO;
				ASSETCATALOG_COMPILER_GENERATE_SWIFT_ASSET_SYMBOL_EXTENSIONS = YES;
				CLANG_ANALYZER_NONNULL = YES;
				CLANG_ANALYZER_NUMBER_OBJECT_CONVERSION = YES_AGGRESSIVE;
				CLANG_CXX_LANGUAGE_STANDARD = "gnu++20";
				CLANG_ENABLE_MODULES = YES;
				CLANG_ENABLE_OBJC_ARC = YES;
				CLANG_ENABLE_OBJC_WEAK = YES;
				CLANG_WARN_BLOCK_CAPTURE_AUTORELEASING = YES;
				CLANG_WARN_BOOL_CONVERSION = YES;
				CLANG_WARN_COMMA = YES;
				CLANG_WARN_CONSTANT_CONVERSION = YES;
				CLANG_WARN_DEPRECATED_OBJC_IMPLEMENTATIONS = YES;
				CLANG_WARN_DIRECT_OBJC_ISA_USAGE = YES_ERROR;
				CLANG_WARN_DOCUMENTATION_COMMENTS = YES;
				CLANG_WARN_EMPTY_BODY = YES;
				CLANG_WARN_ENUM_CONVERSION = YES;
				CLANG_WARN_INFINITE_RECURSION = YES;
				CLANG_WARN_INT_CONVERSION = YES;
				CLANG_WARN_NON_LITERAL_NULL_CONVERSION = YES;
				CLANG_WARN_OBJC_IMPLICIT_RETAIN_SELF = YES;
				CLANG_WARN_OBJC_LITERAL_CONVERSION = YES;
				CLANG_WARN_OBJC_ROOT_CLASS = YES_ERROR;
				CLANG_WARN_QUOTED_INCLUDE_IN_FRAMEWORK_HEADER = YES;
				CLANG_WARN_RANGE_LOOP_ANALYSIS = YES;
				CLANG_WARN_STRICT_PROTOTYPES = YES;
				CLANG_WARN_SUSPICIOUS_MOVE = YES;
				CLANG_WARN_UNGUARDED_AVAILABILITY = YES_AGGRESSIVE;
				CLANG_WARN_UNREACHABLE_CODE = YES;
				CLANG_WARN__DUPLICATE_METHOD_MATCH = YES;
				COPY_PHASE_STRIP = NO;
				DEBUG_INFORMATION_FORMAT = dwarf;
				ENABLE_STRICT_OBJC_MSGSEND = YES;
				ENABLE_TESTABILITY = YES;
				ENABLE_USER_SCRIPT_SANDBOXING = YES;
				GCC_C_LANGUAGE_STANDARD = gnu17;
				GCC_DYNAMIC_NO_PIC = NO;
				GCC_NO_COMMON_BLOCKS = YES;
				GCC_OPTIMIZATION_LEVEL = 0;
				GCC_PREPROCESSOR_DEFINITIONS = (
					"DEBUG=1",
					"$(inherited)",
				);
				GCC_WARN_64_TO_32_BIT_CONVERSION = YES;
				GCC_WARN_ABOUT_RETURN_TYPE = YES_ERROR;
				GCC_WARN_UNDECLARED_SELECTOR = YES;
				GCC_WARN_UNINITIALIZED_AUTOS = YES_AGGRESSIVE;
				GCC_WARN_UNUSED_FUNCTION = YES;
				GCC_WARN_UNUSED_VARIABLE = YES;
				IPHONEOS_DEPLOYMENT_TARGET = 17.4;
				LOCALIZATION_PREFERS_STRING_CATALOGS = YES;
				MTL_ENABLE_DEBUG_INFO = INCLUDE_SOURCE;
				MTL_FAST_MATH = YES;
				ONLY_ACTIVE_ARCH = YES;
				SDKROOT = iphoneos;
				SWIFT_ACTIVE_COMPILATION_CONDITIONS = "DEBUG $(inherited)";
				SWIFT_OPTIMIZATION_LEVEL = "-Onone";
			};
			name = Debug;
		};
		C0862B772BF460CA009308D1 /* Release */ = {
			isa = XCBuildConfiguration;
			buildSettings = {
				ALWAYS_SEARCH_USER_PATHS = NO;
				ASSETCATALOG_COMPILER_GENERATE_SWIFT_ASSET_SYMBOL_EXTENSIONS = YES;
				CLANG_ANALYZER_NONNULL = YES;
				CLANG_ANALYZER_NUMBER_OBJECT_CONVERSION = YES_AGGRESSIVE;
				CLANG_CXX_LANGUAGE_STANDARD = "gnu++20";
				CLANG_ENABLE_MODULES = YES;
				CLANG_ENABLE_OBJC_ARC = YES;
				CLANG_ENABLE_OBJC_WEAK = YES;
				CLANG_WARN_BLOCK_CAPTURE_AUTORELEASING = YES;
				CLANG_WARN_BOOL_CONVERSION = YES;
				CLANG_WARN_COMMA = YES;
				CLANG_WARN_CONSTANT_CONVERSION = YES;
				CLANG_WARN_DEPRECATED_OBJC_IMPLEMENTATIONS = YES;
				CLANG_WARN_DIRECT_OBJC_ISA_USAGE = YES_ERROR;
				CLANG_WARN_DOCUMENTATION_COMMENTS = YES;
				CLANG_WARN_EMPTY_BODY = YES;
				CLANG_WARN_ENUM_CONVERSION = YES;
				CLANG_WARN_INFINITE_RECURSION = YES;
				CLANG_WARN_INT_CONVERSION = YES;
				CLANG_WARN_NON_LITERAL_NULL_CONVERSION = YES;
				CLANG_WARN_OBJC_IMPLICIT_RETAIN_SELF = YES;
				CLANG_WARN_OBJC_LITERAL_CONVERSION = YES;
				CLANG_WARN_OBJC_ROOT_CLASS = YES_ERROR;
				CLANG_WARN_QUOTED_INCLUDE_IN_FRAMEWORK_HEADER = YES;
				CLANG_WARN_RANGE_LOOP_ANALYSIS = YES;
				CLANG_WARN_STRICT_PROTOTYPES = YES;
				CLANG_WARN_SUSPICIOUS_MOVE = YES;
				CLANG_WARN_UNGUARDED_AVAILABILITY = YES_AGGRESSIVE;
				CLANG_WARN_UNREACHABLE_CODE = YES;
				CLANG_WARN__DUPLICATE_METHOD_MATCH = YES;
				COPY_PHASE_STRIP = NO;
				DEBUG_INFORMATION_FORMAT = "dwarf-with-dsym";
				ENABLE_NS_ASSERTIONS = NO;
				ENABLE_STRICT_OBJC_MSGSEND = YES;
				ENABLE_USER_SCRIPT_SANDBOXING = YES;
				GCC_C_LANGUAGE_STANDARD = gnu17;
				GCC_NO_COMMON_BLOCKS = YES;
				GCC_WARN_64_TO_32_BIT_CONVERSION = YES;
				GCC_WARN_ABOUT_RETURN_TYPE = YES_ERROR;
				GCC_WARN_UNDECLARED_SELECTOR = YES;
				GCC_WARN_UNINITIALIZED_AUTOS = YES_AGGRESSIVE;
				GCC_WARN_UNUSED_FUNCTION = YES;
				GCC_WARN_UNUSED_VARIABLE = YES;
				IPHONEOS_DEPLOYMENT_TARGET = 17.4;
				LOCALIZATION_PREFERS_STRING_CATALOGS = YES;
				MTL_ENABLE_DEBUG_INFO = NO;
				MTL_FAST_MATH = YES;
				SDKROOT = iphoneos;
				SWIFT_COMPILATION_MODE = wholemodule;
				VALIDATE_PRODUCT = YES;
			};
			name = Release;
		};
		C0862B792BF460CA009308D1 /* Debug */ = {
			isa = XCBuildConfiguration;
			buildSettings = {
				ASSETCATALOG_COMPILER_APPICON_NAME = AppIcon;
				ASSETCATALOG_COMPILER_GLOBAL_ACCENT_COLOR_NAME = AccentColor;
				ASSETCATALOG_COMPILER_INCLUDE_ALL_APPICON_ASSETS = NO;
				CODE_SIGN_STYLE = Automatic;
				CURRENT_PROJECT_VERSION = 1;
				DEVELOPMENT_ASSET_PATHS = "\"CoupleCalander/Preview Content\"";
				DEVELOPMENT_TEAM = 62BCLQNF78;
				ENABLE_PREVIEWS = YES;
				GENERATE_INFOPLIST_FILE = YES;
				INFOPLIST_KEY_CFBundleDisplayName = "우리의기억";
				INFOPLIST_KEY_UIApplicationSceneManifest_Generation = YES;
				INFOPLIST_KEY_UIApplicationSupportsIndirectInputEvents = YES;
				INFOPLIST_KEY_UILaunchScreen_Generation = YES;
				INFOPLIST_KEY_UILaunchStoryboardName = "Launch Screen.storyboard";
				INFOPLIST_KEY_UISupportedInterfaceOrientations = UIInterfaceOrientationPortrait;
				IPHONEOS_DEPLOYMENT_TARGET = 16.0;
				LD_RUNPATH_SEARCH_PATHS = (
					"$(inherited)",
					"@executable_path/Frameworks",
				);
				MARKETING_VERSION = 1.0;
				PRODUCT_BUNDLE_IDENTIFIER = com.kgc.CoupleCalander;
				PRODUCT_NAME = "$(TARGET_NAME)";
				SUPPORTED_PLATFORMS = "iphoneos iphonesimulator";
				SUPPORTS_MACCATALYST = NO;
				SUPPORTS_MAC_DESIGNED_FOR_IPHONE_IPAD = NO;
				SUPPORTS_XR_DESIGNED_FOR_IPHONE_IPAD = NO;
				SWIFT_EMIT_LOC_STRINGS = YES;
				SWIFT_VERSION = 5.0;
				TARGETED_DEVICE_FAMILY = 1;
			};
			name = Debug;
		};
		C0862B7A2BF460CA009308D1 /* Release */ = {
			isa = XCBuildConfiguration;
			buildSettings = {
				ASSETCATALOG_COMPILER_APPICON_NAME = AppIcon;
				ASSETCATALOG_COMPILER_GLOBAL_ACCENT_COLOR_NAME = AccentColor;
				ASSETCATALOG_COMPILER_INCLUDE_ALL_APPICON_ASSETS = NO;
				CODE_SIGN_STYLE = Automatic;
				CURRENT_PROJECT_VERSION = 1;
				DEVELOPMENT_ASSET_PATHS = "\"CoupleCalander/Preview Content\"";
				DEVELOPMENT_TEAM = 62BCLQNF78;
				ENABLE_PREVIEWS = YES;
				GENERATE_INFOPLIST_FILE = YES;
				INFOPLIST_KEY_CFBundleDisplayName = "우리의기억";
				INFOPLIST_KEY_UIApplicationSceneManifest_Generation = YES;
				INFOPLIST_KEY_UIApplicationSupportsIndirectInputEvents = YES;
				INFOPLIST_KEY_UILaunchScreen_Generation = YES;
				INFOPLIST_KEY_UILaunchStoryboardName = "Launch Screen.storyboard";
				INFOPLIST_KEY_UISupportedInterfaceOrientations = UIInterfaceOrientationPortrait;
				IPHONEOS_DEPLOYMENT_TARGET = 16.0;
				LD_RUNPATH_SEARCH_PATHS = (
					"$(inherited)",
					"@executable_path/Frameworks",
				);
				MARKETING_VERSION = 1.0;
				PRODUCT_BUNDLE_IDENTIFIER = com.kgc.CoupleCalander;
				PRODUCT_NAME = "$(TARGET_NAME)";
				SUPPORTED_PLATFORMS = "iphoneos iphonesimulator";
				SUPPORTS_MACCATALYST = NO;
				SUPPORTS_MAC_DESIGNED_FOR_IPHONE_IPAD = NO;
				SUPPORTS_XR_DESIGNED_FOR_IPHONE_IPAD = NO;
				SWIFT_EMIT_LOC_STRINGS = YES;
				SWIFT_VERSION = 5.0;
				TARGETED_DEVICE_FAMILY = 1;
			};
			name = Release;
		};
/* End XCBuildConfiguration section */

/* Begin XCConfigurationList section */
		C0862B652BF460CA009308D1 /* Build configuration list for PBXProject "CoupleCalander" */ = {
			isa = XCConfigurationList;
			buildConfigurations = (
				C0862B762BF460CA009308D1 /* Debug */,
				C0862B772BF460CA009308D1 /* Release */,
			);
			defaultConfigurationIsVisible = 0;
			defaultConfigurationName = Release;
		};
		C0862B782BF460CA009308D1 /* Build configuration list for PBXNativeTarget "CoupleCalander" */ = {
			isa = XCConfigurationList;
			buildConfigurations = (
				C0862B792BF460CA009308D1 /* Debug */,
				C0862B7A2BF460CA009308D1 /* Release */,
			);
			defaultConfigurationIsVisible = 0;
			defaultConfigurationName = Release;
		};
/* End XCConfigurationList section */

/* Begin XCVersionGroup section */
		C0862B7C2BF46146009308D1 /* DateModel.xcdatamodeld */ = {
			isa = XCVersionGroup;
			children = (
				C0862B7D2BF46146009308D1 /* DateModel.xcdatamodel */,
			);
			currentVersion = C0862B7D2BF46146009308D1 /* DateModel.xcdatamodel */;
			name = DateModel.xcdatamodeld;
			path = /Users/kyucheolkim/Desktop/STUDY/CoupleCalander/CoupleCalander/DataModel/DateModel.xcdatamodeld;
			sourceTree = "<group>";
			versionGroupType = wrapper.xcdatamodel;
		};
/* End XCVersionGroup section */
	};
	rootObject = C0862B622BF460CA009308D1 /* Project object */;
}
